
Microsoft Visual Studio Solution File, Format Version 12.00
# Visual Studio Version 16
VisualStudioVersion = 16.0.31005.135
MinimumVisualStudioVersion = 10.0.40219.1
Project("{FAE04EC0-301F-11D3-BF4B-00C04F79EFBC}") = "SyntaxSugarExercise", "SyntaxSugarExercise\SyntaxSugarExercise.csproj", "{0C9A8E1A-4CBB-423A-9B0F-F707B0F4A61B}"
EndProject
Global
	GlobalSection(SolutionConfigurationPlatforms) = preSolution
		Debug|Any CPU = Debug|Any CPU
		Release|Any CPU = Release|Any CPU
	EndGlobalSection
	GlobalSection(ProjectConfigurationPlatforms) = postSolution
		{0C9A8E1A-4CBB-423A-9B0F-F707B0F4A61B}.Debug|Any CPU.ActiveCfg = Debug|Any CPU
		{0C9A8E1A-4CBB-423A-9B0F-F707B0F4A61B}.Debug|Any CPU.Build.0 = Debug|Any CPU
		{0C9A8E1A-4CBB-423A-9B0F-F707B0F4A61B}.Release|Any CPU.ActiveCfg = Release|Any CPU
		{0C9A8E1A-4CBB-423A-9B0F-F707B0F4A61B}.Release|Any CPU.Build.0 = Release|Any CPU
	EndGlobalSection
	GlobalSection(SolutionProperties) = preSolution
		HideSolutionNode = FALSE
	EndGlobalSection
	GlobalSection(ExtensibilityGlobals) = postSolution
		SolutionGuid = {8CB6F07C-4E9A-417A-9CAB-FD62978A0B7E}
	EndGlobalSection
EndGlobal
